
Microsoft Visual Studio Solution File, Format Version 12.00
# Visual Studio 15
VisualStudioVersion = 15.0.28307.329
MinimumVisualStudioVersion = 10.0.40219.1
Project("{FAE04EC0-301F-11D3-BF4B-00C04F79EFBC}") = "opdracht 1", "opdracht 1\opdracht 1.csproj", "{B7A99442-7BD4-4B1B-BC96-C4A378ED0AE6}"
EndProject
Project("{FAE04EC0-301F-11D3-BF4B-00C04F79EFBC}") = "opdracht 2", "opdracht 2\opdracht 2.csproj", "{DD23B9DB-C95D-4DE4-8DAB-DCB6DE6AECAD}"
EndProject
Global
	GlobalSection(SolutionConfigurationPlatforms) = preSolution
		Debug|Any CPU = Debug|Any CPU
		Release|Any CPU = Release|Any CPU
	EndGlobalSection
	GlobalSection(ProjectConfigurationPlatforms) = postSolution
		{B7A99442-7BD4-4B1B-BC96-C4A378ED0AE6}.Debug|Any CPU.ActiveCfg = Debug|Any CPU
		{B7A99442-7BD4-4B1B-BC96-C4A378ED0AE6}.Debug|Any CPU.Build.0 = Debug|Any CPU
		{B7A99442-7BD4-4B1B-BC96-C4A378ED0AE6}.Release|Any CPU.ActiveCfg = Release|Any CPU
		{B7A99442-7BD4-4B1B-BC96-C4A378ED0AE6}.Release|Any CPU.Build.0 = Release|Any CPU
		{DD23B9DB-C95D-4DE4-8DAB-DCB6DE6AECAD}.Debug|Any CPU.ActiveCfg = Debug|Any CPU
		{DD23B9DB-C95D-4DE4-8DAB-DCB6DE6AECAD}.Debug|Any CPU.Build.0 = Debug|Any CPU
		{DD23B9DB-C95D-4DE4-8DAB-DCB6DE6AECAD}.Release|Any CPU.ActiveCfg = Release|Any CPU
		{DD23B9DB-C95D-4DE4-8DAB-DCB6DE6AECAD}.Release|Any CPU.Build.0 = Release|Any CPU
	EndGlobalSection
	GlobalSection(SolutionProperties) = preSolution
		HideSolutionNode = FALSE
	EndGlobalSection
	GlobalSection(ExtensibilityGlobals) = postSolution
		SolutionGuid = {4ED57CAB-DF5D-4BBB-95ED-88062D550911}
	EndGlobalSection
EndGlobal
