
Microsoft Visual Studio Solution File, Format Version 12.00
# Visual Studio 15
VisualStudioVersion = 15.0.28307.329
MinimumVisualStudioVersion = 10.0.40219.1
Project("{FAE04EC0-301F-11D3-BF4B-00C04F79EFBC}") = "opdracht 1", "opdracht 1\opdracht 1.csproj", "{38B43D86-A38D-4E46-804A-519C23646EAE}"
EndProject
Project("{FAE04EC0-301F-11D3-BF4B-00C04F79EFBC}") = "opdracht 3", "opdracht 3\opdracht 3.csproj", "{746C7DD3-9EA4-4C82-9B1C-FCA55C98D537}"
EndProject
Global
	GlobalSection(SolutionConfigurationPlatforms) = preSolution
		Debug|Any CPU = Debug|Any CPU
		Release|Any CPU = Release|Any CPU
	EndGlobalSection
	GlobalSection(ProjectConfigurationPlatforms) = postSolution
		{38B43D86-A38D-4E46-804A-519C23646EAE}.Debug|Any CPU.ActiveCfg = Debug|Any CPU
		{38B43D86-A38D-4E46-804A-519C23646EAE}.Debug|Any CPU.Build.0 = Debug|Any CPU
		{38B43D86-A38D-4E46-804A-519C23646EAE}.Release|Any CPU.ActiveCfg = Release|Any CPU
		{38B43D86-A38D-4E46-804A-519C23646EAE}.Release|Any CPU.Build.0 = Release|Any CPU
		{746C7DD3-9EA4-4C82-9B1C-FCA55C98D537}.Debug|Any CPU.ActiveCfg = Debug|Any CPU
		{746C7DD3-9EA4-4C82-9B1C-FCA55C98D537}.Debug|Any CPU.Build.0 = Debug|Any CPU
		{746C7DD3-9EA4-4C82-9B1C-FCA55C98D537}.Release|Any CPU.ActiveCfg = Release|Any CPU
		{746C7DD3-9EA4-4C82-9B1C-FCA55C98D537}.Release|Any CPU.Build.0 = Release|Any CPU
	EndGlobalSection
	GlobalSection(SolutionProperties) = preSolution
		HideSolutionNode = FALSE
	EndGlobalSection
	GlobalSection(ExtensibilityGlobals) = postSolution
		SolutionGuid = {305C9CE9-BA4A-45BE-A2EF-A6E16872E4E2}
	EndGlobalSection
EndGlobal
