
Microsoft Visual Studio Solution File, Format Version 12.00
# Visual Studio 15
VisualStudioVersion = 15.0.28307.329
MinimumVisualStudioVersion = 10.0.40219.1
Project("{FAE04EC0-301F-11D3-BF4B-00C04F79EFBC}") = "opdracht 1", "opdracht 1\opdracht 1.csproj", "{0171C7A1-8AA1-4F4C-9C1A-E9C681350867}"
EndProject
Project("{FAE04EC0-301F-11D3-BF4B-00C04F79EFBC}") = "ConwayGameOfLife-student", "ConwayGameOfLife-student\ConwayGameOfLife-student\ConwayGameOfLife-student.csproj", "{B173BA7E-1DC2-4B08-B4C6-168A2C05C6B0}"
EndProject
Project("{FAE04EC0-301F-11D3-BF4B-00C04F79EFBC}") = "opdracht 3", "opdracht 3\opdracht 3.csproj", "{78D8167F-A7AC-4372-A3FE-3AC0706E0ED4}"
EndProject
Global
	GlobalSection(SolutionConfigurationPlatforms) = preSolution
		Debug|Any CPU = Debug|Any CPU
		Release|Any CPU = Release|Any CPU
	EndGlobalSection
	GlobalSection(ProjectConfigurationPlatforms) = postSolution
		{0171C7A1-8AA1-4F4C-9C1A-E9C681350867}.Debug|Any CPU.ActiveCfg = Debug|Any CPU
		{0171C7A1-8AA1-4F4C-9C1A-E9C681350867}.Debug|Any CPU.Build.0 = Debug|Any CPU
		{0171C7A1-8AA1-4F4C-9C1A-E9C681350867}.Release|Any CPU.ActiveCfg = Release|Any CPU
		{0171C7A1-8AA1-4F4C-9C1A-E9C681350867}.Release|Any CPU.Build.0 = Release|Any CPU
		{B173BA7E-1DC2-4B08-B4C6-168A2C05C6B0}.Debug|Any CPU.ActiveCfg = Debug|Any CPU
		{B173BA7E-1DC2-4B08-B4C6-168A2C05C6B0}.Debug|Any CPU.Build.0 = Debug|Any CPU
		{B173BA7E-1DC2-4B08-B4C6-168A2C05C6B0}.Release|Any CPU.ActiveCfg = Release|Any CPU
		{B173BA7E-1DC2-4B08-B4C6-168A2C05C6B0}.Release|Any CPU.Build.0 = Release|Any CPU
		{78D8167F-A7AC-4372-A3FE-3AC0706E0ED4}.Debug|Any CPU.ActiveCfg = Debug|Any CPU
		{78D8167F-A7AC-4372-A3FE-3AC0706E0ED4}.Debug|Any CPU.Build.0 = Debug|Any CPU
		{78D8167F-A7AC-4372-A3FE-3AC0706E0ED4}.Release|Any CPU.ActiveCfg = Release|Any CPU
		{78D8167F-A7AC-4372-A3FE-3AC0706E0ED4}.Release|Any CPU.Build.0 = Release|Any CPU
	EndGlobalSection
	GlobalSection(SolutionProperties) = preSolution
		HideSolutionNode = FALSE
	EndGlobalSection
	GlobalSection(ExtensibilityGlobals) = postSolution
		SolutionGuid = {77E6D7BE-A8C4-420F-B330-CE306400CD87}
	EndGlobalSection
EndGlobal
